
Microsoft Visual Studio Solution File, Format Version 12.00
# Visual Studio Version 16
VisualStudioVersion = 16.0.32630.194
MinimumVisualStudioVersion = 10.0.40219.1
Project("{8BC9CEB8-8B4A-11D0-8D11-00A0C91BC942}") = "Pendulum", "Pendulum.vcxproj", "{F56AE09A-E488-480A-9E50-2DCFC69C68B7}"
EndProject
Global
	GlobalSection(SolutionConfigurationPlatforms) = preSolution
		Debug|x64 = Debug|x64
		Debug|x86 = Debug|x86
		Release|x64 = Release|x64
		Release|x86 = Release|x86
	EndGlobalSection
	GlobalSection(ProjectConfigurationPlatforms) = postSolution
		{F56AE09A-E488-480A-9E50-2DCFC69C68B7}.Debug|x64.ActiveCfg = Debug|x64
		{F56AE09A-E488-480A-9E50-2DCFC69C68B7}.Debug|x64.Build.0 = Debug|x64
		{F56AE09A-E488-480A-9E50-2DCFC69C68B7}.Debug|x86.ActiveCfg = Debug|Win32
		{F56AE09A-E488-480A-9E50-2DCFC69C68B7}.Debug|x86.Build.0 = Debug|Win32
		{F56AE09A-E488-480A-9E50-2DCFC69C68B7}.Release|x64.ActiveCfg = Release|x64
		{F56AE09A-E488-480A-9E50-2DCFC69C68B7}.Release|x64.Build.0 = Release|x64
		{F56AE09A-E488-480A-9E50-2DCFC69C68B7}.Release|x86.ActiveCfg = Release|Win32
		{F56AE09A-E488-480A-9E50-2DCFC69C68B7}.Release|x86.Build.0 = Release|Win32
	EndGlobalSection
	GlobalSection(SolutionProperties) = preSolution
		HideSolutionNode = FALSE
	EndGlobalSection
	GlobalSection(ExtensibilityGlobals) = postSolution
		SolutionGuid = {C650EBAA-F48A-4E53-B9D4-D96C6C6FA489}
	EndGlobalSection
EndGlobal
